
Microsoft Visual Studio Solution File, Format Version 12.00
# Visual Studio Version 17
VisualStudioVersion = 17.4.33122.133
MinimumVisualStudioVersion = 10.0.40219.1
Project("{FAE04EC0-301F-11D3-BF4B-00C04F79EFBC}") = "AutomationAssignment", "AutomationAssignment\AutomationAssignment.csproj", "{B4247D64-FB3E-49B6-AA78-0242928E4127}"
EndProject
Global
	GlobalSection(SolutionConfigurationPlatforms) = preSolution
		Debug|Any CPU = Debug|Any CPU
		Release|Any CPU = Release|Any CPU
	EndGlobalSection
	GlobalSection(ProjectConfigurationPlatforms) = postSolution
		{B4247D64-FB3E-49B6-AA78-0242928E4127}.Debug|Any CPU.ActiveCfg = Debug|Any CPU
		{B4247D64-FB3E-49B6-AA78-0242928E4127}.Debug|Any CPU.Build.0 = Debug|Any CPU
		{B4247D64-FB3E-49B6-AA78-0242928E4127}.Release|Any CPU.ActiveCfg = Release|Any CPU
		{B4247D64-FB3E-49B6-AA78-0242928E4127}.Release|Any CPU.Build.0 = Release|Any CPU
	EndGlobalSection
	GlobalSection(SolutionProperties) = preSolution
		HideSolutionNode = FALSE
	EndGlobalSection
	GlobalSection(ExtensibilityGlobals) = postSolution
		SolutionGuid = {63B4F11D-A577-4C7E-BC0A-2135A40AE866}
	EndGlobalSection
EndGlobal
